
Microsoft Visual Studio Solution File, Format Version 12.00
# Visual Studio Version 18
VisualStudioVersion = 18.5.11626.173
MinimumVisualStudioVersion = 10.0.40219.1
Project("{FAE04EC0-301F-11D3-BF4B-00C04F79EFBC}") = "Web", "src_old\Web\Web.csproj", "{C70BC59F-8F97-4917-8C8A-7BBF1A363379}"
EndProject
Project("{FAE04EC0-301F-11D3-BF4B-00C04F79EFBC}") = "Repository", "src_old\Repository\Repository.csproj", "{778254FC-B124-44CF-A8D9-6D818F397594}"
EndProject
Project("{FAE04EC0-301F-11D3-BF4B-00C04F79EFBC}") = "Service", "src_old\Service\Service.csproj", "{E8D192AD-D94D-40F5-B8C2-C8D6221A44EB}"
EndProject
Project("{2150E333-8FDC-42A3-9474-1A3956D46DE8}") = "Tests", "src_old\Tests", "{4A55D099-F04B-416B-86C9-9E3CE427EB9C}"
EndProject
Project("{FAE04EC0-301F-11D3-BF4B-00C04F79EFBC}") = "ArchitectureTests", "src_old\ArchitectureTests\ArchitectureTests.csproj", "{E97BA385-2F03-48A4-804A-E1FAB660BC09}"
EndProject
Project("{2150E333-8FDC-42A3-9474-1A3956D46DE8}") = "src_old", "src_old", "{F86D393E-DEE6-449B-90B0-CE82E5633A9A}"
EndProject
Project("{2150E333-8FDC-42A3-9474-1A3956D46DE8}") = "Core", "src_old\Core", "{2D19CE04-BF98-4FF8-B09E-C198E1CDFAD4}"
EndProject
Project("{FAE04EC0-301F-11D3-BF4B-00C04F79EFBC}") = "Core.Domain", "src_old\Core.Domain\Core.Domain.csproj", "{C61E6F6E-0798-4A50-A65F-6689E743BB00}"
EndProject
Project("{FAE04EC0-301F-11D3-BF4B-00C04F79EFBC}") = "Core.Application", "src_old\Core.Application\Core.Application.csproj", "{F58BBE2F-2AE4-41D6-B449-C274979ED37B}"
EndProject
Project("{FAE04EC0-301F-11D3-BF4B-00C04F79EFBC}") = "Core.Infrastructure", "src_old\Core.Infrastructure\Core.Infrastructure.csproj", "{ECF35E17-85BC-47B6-ACEA-8344EE2C38AA}"
EndProject
Project("{2150E333-8FDC-42A3-9474-1A3956D46DE8}") = "src", "src", "{A196E7F7-7ACF-4F4C-838A-B5F15A1CA0A5}"
EndProject
Project("{2150E333-8FDC-42A3-9474-1A3956D46DE8}") = "Bootstrapper", "Bootstrapper", "{979F7AC5-0140-4E16-B0F5-BC499B27CBF3}"
EndProject
Project("{2150E333-8FDC-42A3-9474-1A3956D46DE8}") = "Modules", "Modules", "{31D203AA-2714-420B-9946-5DBD128B4AF4}"
EndProject
Project("{2150E333-8FDC-42A3-9474-1A3956D46DE8}") = "Shared", "Shared", "{7010B856-2A2B-491D-9721-2299CC9BC37F}"
EndProject
Project("{FAE04EC0-301F-11D3-BF4B-00C04F79EFBC}") = "StarviaBackend.Bootstrapper", "src\Bootstrapper\StarviaBackend.Bootstrapper\StarviaBackend.Bootstrapper.csproj", "{9FA5E7F1-89ED-4351-803F-9744047BFC9A}"
EndProject
Project("{FAE04EC0-301F-11D3-BF4B-00C04F79EFBC}") = "StarviaBackend.Shared.Abstractions", "src\Shared\StarviaBackend.Shared.Abstractions\StarviaBackend.Shared.Abstractions.csproj", "{F65F90B2-C028-420A-BA28-E709F337FE77}"
EndProject
Project("{FAE04EC0-301F-11D3-BF4B-00C04F79EFBC}") = "StarviaBackend.Shared.Infrastructure", "src\Shared\StarviaBackend.Shared.Infrastructure\StarviaBackend.Shared.Infrastructure.csproj", "{1204BD19-8589-4A41-8096-E7046620AE40}"
EndProject
Project("{2150E333-8FDC-42A3-9474-1A3956D46DE8}") = "Tests", "Tests", "{07DBFAE0-F2D4-47CD-9D54-8E756F39FE61}"
EndProject
Project("{FAE04EC0-301F-11D3-BF4B-00C04F79EFBC}") = "StarviaBackend.Shared.Tests.Integration", "src\Shared\Tests\StarviaBackend.Shared.Tests.Integration\StarviaBackend.Shared.Tests.Integration.csproj", "{E1BA93D6-5B3E-4F35-8E45-F6E8C4941D0D}"
EndProject
Project("{2150E333-8FDC-42A3-9474-1A3956D46DE8}") = "tests", "tests", "{48ECF2AC-9DB3-4501-A0F0-5A119D066235}"
EndProject
Project("{FAE04EC0-301F-11D3-BF4B-00C04F79EFBC}") = "StarviaBackend.Tests.Architecture", "tests\StarviaBackend.Tests.Architecture\StarviaBackend.Tests.Architecture.csproj", "{B583D378-DAAF-4915-A8BC-C04407B95161}"
EndProject
Project("{2150E333-8FDC-42A3-9474-1A3956D46DE8}") = "Accounts", "Accounts", "{42440958-C427-472B-8974-F9EE17107360}"
EndProject
Project("{2150E333-8FDC-42A3-9474-1A3956D46DE8}") = "Emails", "Emails", "{4F604896-6982-46E9-A72F-C40115E78A30}"
EndProject
Project("{2150E333-8FDC-42A3-9474-1A3956D46DE8}") = "Minio", "Minio", "{4F033425-0D41-497A-A36B-9C6100EC800E}"
EndProject
Project("{2150E333-8FDC-42A3-9474-1A3956D46DE8}") = "Posts", "Posts", "{CDED26BB-8250-4EBD-A5D7-83159EBC9D9A}"
EndProject
Project("{2150E333-8FDC-42A3-9474-1A3956D46DE8}") = "Platforms", "Platforms", "{F579FF99-CBF4-4753-8655-9B47394E66F7}"
EndProject
Project("{2150E333-8FDC-42A3-9474-1A3956D46DE8}") = "Gemini", "Gemini", "{7794F422-6628-4350-B667-29A4A50B1051}"
EndProject
Project("{2150E333-8FDC-42A3-9474-1A3956D46DE8}") = "LinkedIn", "LinkedIn", "{3A627782-53E1-43A2-BCCE-37DBE0C63316}"
EndProject
Project("{2150E333-8FDC-42A3-9474-1A3956D46DE8}") = "ImageGenerations", "ImageGenerations", "{9DFE90B5-E365-486F-BFFF-49EF0D380C87}"
EndProject
Project("{2150E333-8FDC-42A3-9474-1A3956D46DE8}") = "RabbitMq", "RabbitMq", "{9B8E1D88-38B8-4369-95F8-A77F24D3692D}"
EndProject
Project("{2150E333-8FDC-42A3-9474-1A3956D46DE8}") = "Redis", "Redis", "{6622C209-32BE-41F7-9CB0-099085C69EEA}"
EndProject
Project("{2150E333-8FDC-42A3-9474-1A3956D46DE8}") = "Integrations", "Integrations", "{3DA0450C-3785-4193-875B-79E2B7A6878E}"
EndProject
Project("{2150E333-8FDC-42A3-9474-1A3956D46DE8}") = "Tests", "Tests", "{205EF2DF-5008-481D-A471-8D2DD0FEF1D6}"
EndProject
Project("{FAE04EC0-301F-11D3-BF4B-00C04F79EFBC}") = "StarviaBackend.Modules.Accounts.Api", "src\Modules\Accounts\StarviaBackend.Modules.Accounts.Api\StarviaBackend.Modules.Accounts.Api.csproj", "{894BA6D1-CB9C-4887-A8ED-61EB457ADFAE}"
EndProject
Project("{FAE04EC0-301F-11D3-BF4B-00C04F79EFBC}") = "StarviaBackend.Modules.Accounts.Application", "src\Modules\Accounts\StarviaBackend.Modules.Accounts.Application\StarviaBackend.Modules.Accounts.Application.csproj", "{04771CF8-4DAB-4956-BB88-A1738D687868}"
EndProject
Project("{FAE04EC0-301F-11D3-BF4B-00C04F79EFBC}") = "StarviaBackend.Modules.Accounts.Core", "src\Modules\Accounts\StarviaBackend.Modules.Accounts.Core\StarviaBackend.Modules.Accounts.Core.csproj", "{EBF09425-2029-41B6-A17D-0970A165B1C2}"
EndProject
Project("{FAE04EC0-301F-11D3-BF4B-00C04F79EFBC}") = "StarviaBackend.Modules.Accounts.Infrastructure", "src\Modules\Accounts\StarviaBackend.Modules.Accounts.Infrastructure\StarviaBackend.Modules.Accounts.Infrastructure.csproj", "{23E792E3-33AB-4389-8C2C-B4C60EF575CC}"
EndProject
Project("{FAE04EC0-301F-11D3-BF4B-00C04F79EFBC}") = "StarviaBackend.Modules.Accounts.Tests.Integration", "src\Modules\Accounts\Tests\StarviaBackend.Modules.Accounts.Tests.Integration\StarviaBackend.Modules.Accounts.Tests.Integration.csproj", "{5FC5CC41-2257-4E73-BFCF-0C2AD5EB1E9D}"
EndProject
Global
	GlobalSection(SolutionConfigurationPlatforms) = preSolution
		Debug|Any CPU = Debug|Any CPU
		Release|Any CPU = Release|Any CPU
	EndGlobalSection
	GlobalSection(ProjectConfigurationPlatforms) = postSolution
		{C70BC59F-8F97-4917-8C8A-7BBF1A363379}.Debug|Any CPU.ActiveCfg = Debug|Any CPU
		{C70BC59F-8F97-4917-8C8A-7BBF1A363379}.Debug|Any CPU.Build.0 = Debug|Any CPU
		{C70BC59F-8F97-4917-8C8A-7BBF1A363379}.Release|Any CPU.ActiveCfg = Release|Any CPU
		{C70BC59F-8F97-4917-8C8A-7BBF1A363379}.Release|Any CPU.Build.0 = Release|Any CPU
		{778254FC-B124-44CF-A8D9-6D818F397594}.Debug|Any CPU.ActiveCfg = Debug|Any CPU
		{778254FC-B124-44CF-A8D9-6D818F397594}.Debug|Any CPU.Build.0 = Debug|Any CPU
		{778254FC-B124-44CF-A8D9-6D818F397594}.Release|Any CPU.ActiveCfg = Release|Any CPU
		{778254FC-B124-44CF-A8D9-6D818F397594}.Release|Any CPU.Build.0 = Release|Any CPU
		{E8D192AD-D94D-40F5-B8C2-C8D6221A44EB}.Debug|Any CPU.ActiveCfg = Debug|Any CPU
		{E8D192AD-D94D-40F5-B8C2-C8D6221A44EB}.Debug|Any CPU.Build.0 = Debug|Any CPU
		{E8D192AD-D94D-40F5-B8C2-C8D6221A44EB}.Release|Any CPU.ActiveCfg = Release|Any CPU
		{E8D192AD-D94D-40F5-B8C2-C8D6221A44EB}.Release|Any CPU.Build.0 = Release|Any CPU
		{E97BA385-2F03-48A4-804A-E1FAB660BC09}.Debug|Any CPU.ActiveCfg = Debug|Any CPU
		{E97BA385-2F03-48A4-804A-E1FAB660BC09}.Debug|Any CPU.Build.0 = Debug|Any CPU
		{E97BA385-2F03-48A4-804A-E1FAB660BC09}.Release|Any CPU.ActiveCfg = Release|Any CPU
		{E97BA385-2F03-48A4-804A-E1FAB660BC09}.Release|Any CPU.Build.0 = Release|Any CPU
		{C61E6F6E-0798-4A50-A65F-6689E743BB00}.Debug|Any CPU.ActiveCfg = Debug|Any CPU
		{C61E6F6E-0798-4A50-A65F-6689E743BB00}.Debug|Any CPU.Build.0 = Debug|Any CPU
		{C61E6F6E-0798-4A50-A65F-6689E743BB00}.Release|Any CPU.ActiveCfg = Release|Any CPU
		{C61E6F6E-0798-4A50-A65F-6689E743BB00}.Release|Any CPU.Build.0 = Release|Any CPU
		{F58BBE2F-2AE4-41D6-B449-C274979ED37B}.Debug|Any CPU.ActiveCfg = Debug|Any CPU
		{F58BBE2F-2AE4-41D6-B449-C274979ED37B}.Debug|Any CPU.Build.0 = Debug|Any CPU
		{F58BBE2F-2AE4-41D6-B449-C274979ED37B}.Release|Any CPU.ActiveCfg = Release|Any CPU
		{F58BBE2F-2AE4-41D6-B449-C274979ED37B}.Release|Any CPU.Build.0 = Release|Any CPU
		{ECF35E17-85BC-47B6-ACEA-8344EE2C38AA}.Debug|Any CPU.ActiveCfg = Debug|Any CPU
		{ECF35E17-85BC-47B6-ACEA-8344EE2C38AA}.Debug|Any CPU.Build.0 = Debug|Any CPU
		{ECF35E17-85BC-47B6-ACEA-8344EE2C38AA}.Release|Any CPU.ActiveCfg = Release|Any CPU
		{ECF35E17-85BC-47B6-ACEA-8344EE2C38AA}.Release|Any CPU.Build.0 = Release|Any CPU
		{9FA5E7F1-89ED-4351-803F-9744047BFC9A}.Debug|Any CPU.ActiveCfg = Debug|Any CPU
		{9FA5E7F1-89ED-4351-803F-9744047BFC9A}.Debug|Any CPU.Build.0 = Debug|Any CPU
		{9FA5E7F1-89ED-4351-803F-9744047BFC9A}.Release|Any CPU.ActiveCfg = Release|Any CPU
		{9FA5E7F1-89ED-4351-803F-9744047BFC9A}.Release|Any CPU.Build.0 = Release|Any CPU
		{F65F90B2-C028-420A-BA28-E709F337FE77}.Debug|Any CPU.ActiveCfg = Debug|Any CPU
		{F65F90B2-C028-420A-BA28-E709F337FE77}.Debug|Any CPU.Build.0 = Debug|Any CPU
		{F65F90B2-C028-420A-BA28-E709F337FE77}.Release|Any CPU.ActiveCfg = Release|Any CPU
		{F65F90B2-C028-420A-BA28-E709F337FE77}.Release|Any CPU.Build.0 = Release|Any CPU
		{1204BD19-8589-4A41-8096-E7046620AE40}.Debug|Any CPU.ActiveCfg = Debug|Any CPU
		{1204BD19-8589-4A41-8096-E7046620AE40}.Debug|Any CPU.Build.0 = Debug|Any CPU
		{1204BD19-8589-4A41-8096-E7046620AE40}.Release|Any CPU.ActiveCfg = Release|Any CPU
		{1204BD19-8589-4A41-8096-E7046620AE40}.Release|Any CPU.Build.0 = Release|Any CPU
		{E1BA93D6-5B3E-4F35-8E45-F6E8C4941D0D}.Debug|Any CPU.ActiveCfg = Debug|Any CPU
		{E1BA93D6-5B3E-4F35-8E45-F6E8C4941D0D}.Debug|Any CPU.Build.0 = Debug|Any CPU
		{E1BA93D6-5B3E-4F35-8E45-F6E8C4941D0D}.Release|Any CPU.ActiveCfg = Release|Any CPU
		{E1BA93D6-5B3E-4F35-8E45-F6E8C4941D0D}.Release|Any CPU.Build.0 = Release|Any CPU
		{B583D378-DAAF-4915-A8BC-C04407B95161}.Debug|Any CPU.ActiveCfg = Debug|Any CPU
		{B583D378-DAAF-4915-A8BC-C04407B95161}.Debug|Any CPU.Build.0 = Debug|Any CPU
		{B583D378-DAAF-4915-A8BC-C04407B95161}.Release|Any CPU.ActiveCfg = Release|Any CPU
		{B583D378-DAAF-4915-A8BC-C04407B95161}.Release|Any CPU.Build.0 = Release|Any CPU
		{894BA6D1-CB9C-4887-A8ED-61EB457ADFAE}.Debug|Any CPU.ActiveCfg = Debug|Any CPU
		{894BA6D1-CB9C-4887-A8ED-61EB457ADFAE}.Debug|Any CPU.Build.0 = Debug|Any CPU
		{894BA6D1-CB9C-4887-A8ED-61EB457ADFAE}.Release|Any CPU.ActiveCfg = Release|Any CPU
		{894BA6D1-CB9C-4887-A8ED-61EB457ADFAE}.Release|Any CPU.Build.0 = Release|Any CPU
		{04771CF8-4DAB-4956-BB88-A1738D687868}.Debug|Any CPU.ActiveCfg = Debug|Any CPU
		{04771CF8-4DAB-4956-BB88-A1738D687868}.Debug|Any CPU.Build.0 = Debug|Any CPU
		{04771CF8-4DAB-4956-BB88-A1738D687868}.Release|Any CPU.ActiveCfg = Release|Any CPU
		{04771CF8-4DAB-4956-BB88-A1738D687868}.Release|Any CPU.Build.0 = Release|Any CPU
		{EBF09425-2029-41B6-A17D-0970A165B1C2}.Debug|Any CPU.ActiveCfg = Debug|Any CPU
		{EBF09425-2029-41B6-A17D-0970A165B1C2}.Debug|Any CPU.Build.0 = Debug|Any CPU
		{EBF09425-2029-41B6-A17D-0970A165B1C2}.Release|Any CPU.ActiveCfg = Release|Any CPU
		{EBF09425-2029-41B6-A17D-0970A165B1C2}.Release|Any CPU.Build.0 = Release|Any CPU
		{23E792E3-33AB-4389-8C2C-B4C60EF575CC}.Debug|Any CPU.ActiveCfg = Debug|Any CPU
		{23E792E3-33AB-4389-8C2C-B4C60EF575CC}.Debug|Any CPU.Build.0 = Debug|Any CPU
		{23E792E3-33AB-4389-8C2C-B4C60EF575CC}.Release|Any CPU.ActiveCfg = Release|Any CPU
		{23E792E3-33AB-4389-8C2C-B4C60EF575CC}.Release|Any CPU.Build.0 = Release|Any CPU
		{5FC5CC41-2257-4E73-BFCF-0C2AD5EB1E9D}.Debug|Any CPU.ActiveCfg = Debug|Any CPU
		{5FC5CC41-2257-4E73-BFCF-0C2AD5EB1E9D}.Debug|Any CPU.Build.0 = Debug|Any CPU
		{5FC5CC41-2257-4E73-BFCF-0C2AD5EB1E9D}.Release|Any CPU.ActiveCfg = Release|Any CPU
		{5FC5CC41-2257-4E73-BFCF-0C2AD5EB1E9D}.Release|Any CPU.Build.0 = Release|Any CPU
	EndGlobalSection
	GlobalSection(SolutionProperties) = preSolution
		HideSolutionNode = FALSE
	EndGlobalSection
	GlobalSection(NestedProjects) = preSolution
		{C70BC59F-8F97-4917-8C8A-7BBF1A363379} = {F86D393E-DEE6-449B-90B0-CE82E5633A9A}
		{778254FC-B124-44CF-A8D9-6D818F397594} = {F86D393E-DEE6-449B-90B0-CE82E5633A9A}
		{E8D192AD-D94D-40F5-B8C2-C8D6221A44EB} = {F86D393E-DEE6-449B-90B0-CE82E5633A9A}
		{E97BA385-2F03-48A4-804A-E1FAB660BC09} = {4A55D099-F04B-416B-86C9-9E3CE427EB9C}
		{2D19CE04-BF98-4FF8-B09E-C198E1CDFAD4} = {F86D393E-DEE6-449B-90B0-CE82E5633A9A}
		{C61E6F6E-0798-4A50-A65F-6689E743BB00} = {2D19CE04-BF98-4FF8-B09E-C198E1CDFAD4}
		{F58BBE2F-2AE4-41D6-B449-C274979ED37B} = {2D19CE04-BF98-4FF8-B09E-C198E1CDFAD4}
		{ECF35E17-85BC-47B6-ACEA-8344EE2C38AA} = {2D19CE04-BF98-4FF8-B09E-C198E1CDFAD4}
		{4A55D099-F04B-416B-86C9-9E3CE427EB9C} = {F86D393E-DEE6-449B-90B0-CE82E5633A9A}
		{979F7AC5-0140-4E16-B0F5-BC499B27CBF3} = {A196E7F7-7ACF-4F4C-838A-B5F15A1CA0A5}
		{31D203AA-2714-420B-9946-5DBD128B4AF4} = {A196E7F7-7ACF-4F4C-838A-B5F15A1CA0A5}
		{7010B856-2A2B-491D-9721-2299CC9BC37F} = {A196E7F7-7ACF-4F4C-838A-B5F15A1CA0A5}
		{9FA5E7F1-89ED-4351-803F-9744047BFC9A} = {979F7AC5-0140-4E16-B0F5-BC499B27CBF3}
		{F65F90B2-C028-420A-BA28-E709F337FE77} = {7010B856-2A2B-491D-9721-2299CC9BC37F}
		{1204BD19-8589-4A41-8096-E7046620AE40} = {7010B856-2A2B-491D-9721-2299CC9BC37F}
		{07DBFAE0-F2D4-47CD-9D54-8E756F39FE61} = {7010B856-2A2B-491D-9721-2299CC9BC37F}
		{E1BA93D6-5B3E-4F35-8E45-F6E8C4941D0D} = {07DBFAE0-F2D4-47CD-9D54-8E756F39FE61}
		{B583D378-DAAF-4915-A8BC-C04407B95161} = {48ECF2AC-9DB3-4501-A0F0-5A119D066235}
		{42440958-C427-472B-8974-F9EE17107360} = {31D203AA-2714-420B-9946-5DBD128B4AF4}
		{4F604896-6982-46E9-A72F-C40115E78A30} = {31D203AA-2714-420B-9946-5DBD128B4AF4}
		{4F033425-0D41-497A-A36B-9C6100EC800E} = {31D203AA-2714-420B-9946-5DBD128B4AF4}
		{CDED26BB-8250-4EBD-A5D7-83159EBC9D9A} = {31D203AA-2714-420B-9946-5DBD128B4AF4}
		{F579FF99-CBF4-4753-8655-9B47394E66F7} = {31D203AA-2714-420B-9946-5DBD128B4AF4}
		{7794F422-6628-4350-B667-29A4A50B1051} = {31D203AA-2714-420B-9946-5DBD128B4AF4}
		{3A627782-53E1-43A2-BCCE-37DBE0C63316} = {31D203AA-2714-420B-9946-5DBD128B4AF4}
		{9DFE90B5-E365-486F-BFFF-49EF0D380C87} = {31D203AA-2714-420B-9946-5DBD128B4AF4}
		{9B8E1D88-38B8-4369-95F8-A77F24D3692D} = {31D203AA-2714-420B-9946-5DBD128B4AF4}
		{6622C209-32BE-41F7-9CB0-099085C69EEA} = {31D203AA-2714-420B-9946-5DBD128B4AF4}
		{3DA0450C-3785-4193-875B-79E2B7A6878E} = {42440958-C427-472B-8974-F9EE17107360}
		{205EF2DF-5008-481D-A471-8D2DD0FEF1D6} = {42440958-C427-472B-8974-F9EE17107360}
		{894BA6D1-CB9C-4887-A8ED-61EB457ADFAE} = {42440958-C427-472B-8974-F9EE17107360}
		{04771CF8-4DAB-4956-BB88-A1738D687868} = {42440958-C427-472B-8974-F9EE17107360}
		{EBF09425-2029-41B6-A17D-0970A165B1C2} = {42440958-C427-472B-8974-F9EE17107360}
		{23E792E3-33AB-4389-8C2C-B4C60EF575CC} = {42440958-C427-472B-8974-F9EE17107360}
		{5FC5CC41-2257-4E73-BFCF-0C2AD5EB1E9D} = {205EF2DF-5008-481D-A471-8D2DD0FEF1D6}
	EndGlobalSection
	GlobalSection(ExtensibilityGlobals) = postSolution
		SolutionGuid = {2A6C03F6-1DB8-4E41-BFDD-7627C390FD62}
	EndGlobalSection
EndGlobal
